
Microsoft Visual Studio Solution File, Format Version 12.00
# Visual Studio Version 16
VisualStudioVersion = 16.6.30114.105
MinimumVisualStudioVersion = 10.0.40219.1
Project("{2150E333-8FDC-42A3-9474-1A3956D46DE8}") = "Shared", "Shared", "{FCA8CA8F-EE29-4CEA-8627-5EA7638B7C04}"
EndProject
Project("{FAE04EC0-301F-11D3-BF4B-00C04F79EFBC}") = "Modular.Shared.Tests", "src\Shared\Modular.Shared.Tests\Modular.Shared.Tests.csproj", "{3C49875F-386E-4C94-A80C-0C75C7A83BCB}"
EndProject
Project("{2150E333-8FDC-42A3-9474-1A3956D46DE8}") = "Bootstrapper", "Bootstrapper", "{110B9A2A-E39B-4883-ACB6-7E05CE77AF9C}"
EndProject
Project("{FAE04EC0-301F-11D3-BF4B-00C04F79EFBC}") = "Modular.Bootstrapper", "src\Bootstrapper\Modular.Bootstrapper\Modular.Bootstrapper.csproj", "{F478360B-DE13-4F0B-9649-C7D4F8539D28}"
EndProject
Project("{2150E333-8FDC-42A3-9474-1A3956D46DE8}") = "Modules", "Modules", "{1BA5712D-3DD3-4246-A396-D732B128CB61}"
EndProject
Project("{2150E333-8FDC-42A3-9474-1A3956D46DE8}") = "First", "First", "{CEAF1A2F-AFD5-4545-9E3D-53126DF1AB7F}"
EndProject
Project("{2150E333-8FDC-42A3-9474-1A3956D46DE8}") = "Second", "Second", "{D97D0FDB-D5AC-4223-9B74-171EA8ABAFD7}"
EndProject
Project("{2150E333-8FDC-42A3-9474-1A3956D46DE8}") = "Third", "Third", "{A84DB51C-E96F-42B6-9CC2-21E52E76DACD}"
EndProject
Project("{2150E333-8FDC-42A3-9474-1A3956D46DE8}") = "Users", "Users", "{3C812292-89CC-482D-BC00-3DD04CA4496B}"
EndProject
Project("{FAE04EC0-301F-11D3-BF4B-00C04F79EFBC}") = "Modular.Modules.Users.Api", "src\Modules\Users\Modular.Modules.Users.Api\Modular.Modules.Users.Api.csproj", "{3DBF494E-0153-495A-85B7-D23FBEDF5B51}"
EndProject
Project("{FAE04EC0-301F-11D3-BF4B-00C04F79EFBC}") = "Modular.Modules.Users.Core", "src\Modules\Users\Modular.Modules.Users.Core\Modular.Modules.Users.Core.csproj", "{BFE2213C-D50C-4AF7-B201-85F4F199F949}"
EndProject
Project("{FAE04EC0-301F-11D3-BF4B-00C04F79EFBC}") = "Modular.Modules.First.Api", "src\Modules\First\Modular.Modules.First.Api\Modular.Modules.First.Api.csproj", "{68D23AD7-DFC6-43F9-85DE-891C0BB10DEF}"
EndProject
Project("{FAE04EC0-301F-11D3-BF4B-00C04F79EFBC}") = "Modular.Modules.Second.Api", "src\Modules\Second\Modular.Modules.Second.Api\Modular.Modules.Second.Api.csproj", "{8D48D83E-D048-470F-A5A8-6A56A26AE226}"
EndProject
Project("{FAE04EC0-301F-11D3-BF4B-00C04F79EFBC}") = "Modular.Modules.Third.Api", "src\Modules\Third\Modular.Modules.Third.Api\Modular.Modules.Third.Api.csproj", "{CACAA9A2-ED85-4531-B2CF-4BBAFEC7AA19}"
EndProject
Project("{FAE04EC0-301F-11D3-BF4B-00C04F79EFBC}") = "Modular.Abstractions", "src\modular-framework\src\Modular.Abstractions\Modular.Abstractions.csproj", "{2AE69D9D-5AA1-4B16-84CD-4CD4214368B8}"
EndProject
Project("{FAE04EC0-301F-11D3-BF4B-00C04F79EFBC}") = "Modular.Infrastructure", "src\modular-framework\src\Modular.Infrastructure\Modular.Infrastructure.csproj", "{BA3A83F0-C5C0-4D7E-808E-B83BCB24F43B}"
EndProject
Global
	GlobalSection(SolutionConfigurationPlatforms) = preSolution
		Debug|Any CPU = Debug|Any CPU
		Debug|x64 = Debug|x64
		Debug|x86 = Debug|x86
		Release|Any CPU = Release|Any CPU
		Release|x64 = Release|x64
		Release|x86 = Release|x86
	EndGlobalSection
	GlobalSection(SolutionProperties) = preSolution
		HideSolutionNode = FALSE
	EndGlobalSection
	GlobalSection(NestedProjects) = preSolution
		{3C49875F-386E-4C94-A80C-0C75C7A83BCB} = {FCA8CA8F-EE29-4CEA-8627-5EA7638B7C04}
		{F478360B-DE13-4F0B-9649-C7D4F8539D28} = {110B9A2A-E39B-4883-ACB6-7E05CE77AF9C}
		{CEAF1A2F-AFD5-4545-9E3D-53126DF1AB7F} = {1BA5712D-3DD3-4246-A396-D732B128CB61}
		{D97D0FDB-D5AC-4223-9B74-171EA8ABAFD7} = {1BA5712D-3DD3-4246-A396-D732B128CB61}
		{A84DB51C-E96F-42B6-9CC2-21E52E76DACD} = {1BA5712D-3DD3-4246-A396-D732B128CB61}
		{3C812292-89CC-482D-BC00-3DD04CA4496B} = {1BA5712D-3DD3-4246-A396-D732B128CB61}
		{3DBF494E-0153-495A-85B7-D23FBEDF5B51} = {3C812292-89CC-482D-BC00-3DD04CA4496B}
		{BFE2213C-D50C-4AF7-B201-85F4F199F949} = {3C812292-89CC-482D-BC00-3DD04CA4496B}
		{68D23AD7-DFC6-43F9-85DE-891C0BB10DEF} = {CEAF1A2F-AFD5-4545-9E3D-53126DF1AB7F}
		{8D48D83E-D048-470F-A5A8-6A56A26AE226} = {D97D0FDB-D5AC-4223-9B74-171EA8ABAFD7}
		{CACAA9A2-ED85-4531-B2CF-4BBAFEC7AA19} = {A84DB51C-E96F-42B6-9CC2-21E52E76DACD}
		{2AE69D9D-5AA1-4B16-84CD-4CD4214368B8} = {FCA8CA8F-EE29-4CEA-8627-5EA7638B7C04}
		{BA3A83F0-C5C0-4D7E-808E-B83BCB24F43B} = {FCA8CA8F-EE29-4CEA-8627-5EA7638B7C04}
	EndGlobalSection
	GlobalSection(ProjectConfigurationPlatforms) = postSolution
		{3C49875F-386E-4C94-A80C-0C75C7A83BCB}.Debug|Any CPU.ActiveCfg = Debug|Any CPU
		{3C49875F-386E-4C94-A80C-0C75C7A83BCB}.Debug|Any CPU.Build.0 = Debug|Any CPU
		{3C49875F-386E-4C94-A80C-0C75C7A83BCB}.Debug|x64.ActiveCfg = Debug|Any CPU
		{3C49875F-386E-4C94-A80C-0C75C7A83BCB}.Debug|x64.Build.0 = Debug|Any CPU
		{3C49875F-386E-4C94-A80C-0C75C7A83BCB}.Debug|x86.ActiveCfg = Debug|Any CPU
		{3C49875F-386E-4C94-A80C-0C75C7A83BCB}.Debug|x86.Build.0 = Debug|Any CPU
		{3C49875F-386E-4C94-A80C-0C75C7A83BCB}.Release|Any CPU.ActiveCfg = Release|Any CPU
		{3C49875F-386E-4C94-A80C-0C75C7A83BCB}.Release|Any CPU.Build.0 = Release|Any CPU
		{3C49875F-386E-4C94-A80C-0C75C7A83BCB}.Release|x64.ActiveCfg = Release|Any CPU
		{3C49875F-386E-4C94-A80C-0C75C7A83BCB}.Release|x64.Build.0 = Release|Any CPU
		{3C49875F-386E-4C94-A80C-0C75C7A83BCB}.Release|x86.ActiveCfg = Release|Any CPU
		{3C49875F-386E-4C94-A80C-0C75C7A83BCB}.Release|x86.Build.0 = Release|Any CPU
		{F478360B-DE13-4F0B-9649-C7D4F8539D28}.Debug|Any CPU.ActiveCfg = Debug|Any CPU
		{F478360B-DE13-4F0B-9649-C7D4F8539D28}.Debug|Any CPU.Build.0 = Debug|Any CPU
		{F478360B-DE13-4F0B-9649-C7D4F8539D28}.Debug|x64.ActiveCfg = Debug|Any CPU
		{F478360B-DE13-4F0B-9649-C7D4F8539D28}.Debug|x64.Build.0 = Debug|Any CPU
		{F478360B-DE13-4F0B-9649-C7D4F8539D28}.Debug|x86.ActiveCfg = Debug|Any CPU
		{F478360B-DE13-4F0B-9649-C7D4F8539D28}.Debug|x86.Build.0 = Debug|Any CPU
		{F478360B-DE13-4F0B-9649-C7D4F8539D28}.Release|Any CPU.ActiveCfg = Release|Any CPU
		{F478360B-DE13-4F0B-9649-C7D4F8539D28}.Release|Any CPU.Build.0 = Release|Any CPU
		{F478360B-DE13-4F0B-9649-C7D4F8539D28}.Release|x64.ActiveCfg = Release|Any CPU
		{F478360B-DE13-4F0B-9649-C7D4F8539D28}.Release|x64.Build.0 = Release|Any CPU
		{F478360B-DE13-4F0B-9649-C7D4F8539D28}.Release|x86.ActiveCfg = Release|Any CPU
		{F478360B-DE13-4F0B-9649-C7D4F8539D28}.Release|x86.Build.0 = Release|Any CPU
		{3DBF494E-0153-495A-85B7-D23FBEDF5B51}.Debug|Any CPU.ActiveCfg = Debug|Any CPU
		{3DBF494E-0153-495A-85B7-D23FBEDF5B51}.Debug|Any CPU.Build.0 = Debug|Any CPU
		{3DBF494E-0153-495A-85B7-D23FBEDF5B51}.Debug|x64.ActiveCfg = Debug|Any CPU
		{3DBF494E-0153-495A-85B7-D23FBEDF5B51}.Debug|x64.Build.0 = Debug|Any CPU
		{3DBF494E-0153-495A-85B7-D23FBEDF5B51}.Debug|x86.ActiveCfg = Debug|Any CPU
		{3DBF494E-0153-495A-85B7-D23FBEDF5B51}.Debug|x86.Build.0 = Debug|Any CPU
		{3DBF494E-0153-495A-85B7-D23FBEDF5B51}.Release|Any CPU.ActiveCfg = Release|Any CPU
		{3DBF494E-0153-495A-85B7-D23FBEDF5B51}.Release|Any CPU.Build.0 = Release|Any CPU
		{3DBF494E-0153-495A-85B7-D23FBEDF5B51}.Release|x64.ActiveCfg = Release|Any CPU
		{3DBF494E-0153-495A-85B7-D23FBEDF5B51}.Release|x64.Build.0 = Release|Any CPU
		{3DBF494E-0153-495A-85B7-D23FBEDF5B51}.Release|x86.ActiveCfg = Release|Any CPU
		{3DBF494E-0153-495A-85B7-D23FBEDF5B51}.Release|x86.Build.0 = Release|Any CPU
		{BFE2213C-D50C-4AF7-B201-85F4F199F949}.Debug|Any CPU.ActiveCfg = Debug|Any CPU
		{BFE2213C-D50C-4AF7-B201-85F4F199F949}.Debug|Any CPU.Build.0 = Debug|Any CPU
		{BFE2213C-D50C-4AF7-B201-85F4F199F949}.Debug|x64.ActiveCfg = Debug|Any CPU
		{BFE2213C-D50C-4AF7-B201-85F4F199F949}.Debug|x64.Build.0 = Debug|Any CPU
		{BFE2213C-D50C-4AF7-B201-85F4F199F949}.Debug|x86.ActiveCfg = Debug|Any CPU
		{BFE2213C-D50C-4AF7-B201-85F4F199F949}.Debug|x86.Build.0 = Debug|Any CPU
		{BFE2213C-D50C-4AF7-B201-85F4F199F949}.Release|Any CPU.ActiveCfg = Release|Any CPU
		{BFE2213C-D50C-4AF7-B201-85F4F199F949}.Release|Any CPU.Build.0 = Release|Any CPU
		{BFE2213C-D50C-4AF7-B201-85F4F199F949}.Release|x64.ActiveCfg = Release|Any CPU
		{BFE2213C-D50C-4AF7-B201-85F4F199F949}.Release|x64.Build.0 = Release|Any CPU
		{BFE2213C-D50C-4AF7-B201-85F4F199F949}.Release|x86.ActiveCfg = Release|Any CPU
		{BFE2213C-D50C-4AF7-B201-85F4F199F949}.Release|x86.Build.0 = Release|Any CPU
		{68D23AD7-DFC6-43F9-85DE-891C0BB10DEF}.Debug|Any CPU.ActiveCfg = Debug|Any CPU
		{68D23AD7-DFC6-43F9-85DE-891C0BB10DEF}.Debug|Any CPU.Build.0 = Debug|Any CPU
		{68D23AD7-DFC6-43F9-85DE-891C0BB10DEF}.Debug|x64.ActiveCfg = Debug|Any CPU
		{68D23AD7-DFC6-43F9-85DE-891C0BB10DEF}.Debug|x64.Build.0 = Debug|Any CPU
		{68D23AD7-DFC6-43F9-85DE-891C0BB10DEF}.Debug|x86.ActiveCfg = Debug|Any CPU
		{68D23AD7-DFC6-43F9-85DE-891C0BB10DEF}.Debug|x86.Build.0 = Debug|Any CPU
		{68D23AD7-DFC6-43F9-85DE-891C0BB10DEF}.Release|Any CPU.ActiveCfg = Release|Any CPU
		{68D23AD7-DFC6-43F9-85DE-891C0BB10DEF}.Release|Any CPU.Build.0 = Release|Any CPU
		{68D23AD7-DFC6-43F9-85DE-891C0BB10DEF}.Release|x64.ActiveCfg = Release|Any CPU
		{68D23AD7-DFC6-43F9-85DE-891C0BB10DEF}.Release|x64.Build.0 = Release|Any CPU
		{68D23AD7-DFC6-43F9-85DE-891C0BB10DEF}.Release|x86.ActiveCfg = Release|Any CPU
		{68D23AD7-DFC6-43F9-85DE-891C0BB10DEF}.Release|x86.Build.0 = Release|Any CPU
		{8D48D83E-D048-470F-A5A8-6A56A26AE226}.Debug|Any CPU.ActiveCfg = Debug|Any CPU
		{8D48D83E-D048-470F-A5A8-6A56A26AE226}.Debug|Any CPU.Build.0 = Debug|Any CPU
		{8D48D83E-D048-470F-A5A8-6A56A26AE226}.Debug|x64.ActiveCfg = Debug|Any CPU
		{8D48D83E-D048-470F-A5A8-6A56A26AE226}.Debug|x64.Build.0 = Debug|Any CPU
		{8D48D83E-D048-470F-A5A8-6A56A26AE226}.Debug|x86.ActiveCfg = Debug|Any CPU
		{8D48D83E-D048-470F-A5A8-6A56A26AE226}.Debug|x86.Build.0 = Debug|Any CPU
		{8D48D83E-D048-470F-A5A8-6A56A26AE226}.Release|Any CPU.ActiveCfg = Release|Any CPU
		{8D48D83E-D048-470F-A5A8-6A56A26AE226}.Release|Any CPU.Build.0 = Release|Any CPU
		{8D48D83E-D048-470F-A5A8-6A56A26AE226}.Release|x64.ActiveCfg = Release|Any CPU
		{8D48D83E-D048-470F-A5A8-6A56A26AE226}.Release|x64.Build.0 = Release|Any CPU
		{8D48D83E-D048-470F-A5A8-6A56A26AE226}.Release|x86.ActiveCfg = Release|Any CPU
		{8D48D83E-D048-470F-A5A8-6A56A26AE226}.Release|x86.Build.0 = Release|Any CPU
		{CACAA9A2-ED85-4531-B2CF-4BBAFEC7AA19}.Debug|Any CPU.ActiveCfg = Debug|Any CPU
		{CACAA9A2-ED85-4531-B2CF-4BBAFEC7AA19}.Debug|Any CPU.Build.0 = Debug|Any CPU
		{CACAA9A2-ED85-4531-B2CF-4BBAFEC7AA19}.Debug|x64.ActiveCfg = Debug|Any CPU
		{CACAA9A2-ED85-4531-B2CF-4BBAFEC7AA19}.Debug|x64.Build.0 = Debug|Any CPU
		{CACAA9A2-ED85-4531-B2CF-4BBAFEC7AA19}.Debug|x86.ActiveCfg = Debug|Any CPU
		{CACAA9A2-ED85-4531-B2CF-4BBAFEC7AA19}.Debug|x86.Build.0 = Debug|Any CPU
		{CACAA9A2-ED85-4531-B2CF-4BBAFEC7AA19}.Release|Any CPU.ActiveCfg = Release|Any CPU
		{CACAA9A2-ED85-4531-B2CF-4BBAFEC7AA19}.Release|Any CPU.Build.0 = Release|Any CPU
		{CACAA9A2-ED85-4531-B2CF-4BBAFEC7AA19}.Release|x64.ActiveCfg = Release|Any CPU
		{CACAA9A2-ED85-4531-B2CF-4BBAFEC7AA19}.Release|x64.Build.0 = Release|Any CPU
		{CACAA9A2-ED85-4531-B2CF-4BBAFEC7AA19}.Release|x86.ActiveCfg = Release|Any CPU
		{CACAA9A2-ED85-4531-B2CF-4BBAFEC7AA19}.Release|x86.Build.0 = Release|Any CPU
		{2AE69D9D-5AA1-4B16-84CD-4CD4214368B8}.Debug|Any CPU.ActiveCfg = Debug|Any CPU
		{2AE69D9D-5AA1-4B16-84CD-4CD4214368B8}.Debug|Any CPU.Build.0 = Debug|Any CPU
		{2AE69D9D-5AA1-4B16-84CD-4CD4214368B8}.Debug|x64.ActiveCfg = Debug|Any CPU
		{2AE69D9D-5AA1-4B16-84CD-4CD4214368B8}.Debug|x64.Build.0 = Debug|Any CPU
		{2AE69D9D-5AA1-4B16-84CD-4CD4214368B8}.Debug|x86.ActiveCfg = Debug|Any CPU
		{2AE69D9D-5AA1-4B16-84CD-4CD4214368B8}.Debug|x86.Build.0 = Debug|Any CPU
		{2AE69D9D-5AA1-4B16-84CD-4CD4214368B8}.Release|Any CPU.ActiveCfg = Release|Any CPU
		{2AE69D9D-5AA1-4B16-84CD-4CD4214368B8}.Release|Any CPU.Build.0 = Release|Any CPU
		{2AE69D9D-5AA1-4B16-84CD-4CD4214368B8}.Release|x64.ActiveCfg = Release|Any CPU
		{2AE69D9D-5AA1-4B16-84CD-4CD4214368B8}.Release|x64.Build.0 = Release|Any CPU
		{2AE69D9D-5AA1-4B16-84CD-4CD4214368B8}.Release|x86.ActiveCfg = Release|Any CPU
		{2AE69D9D-5AA1-4B16-84CD-4CD4214368B8}.Release|x86.Build.0 = Release|Any CPU
		{BA3A83F0-C5C0-4D7E-808E-B83BCB24F43B}.Debug|Any CPU.ActiveCfg = Debug|Any CPU
		{BA3A83F0-C5C0-4D7E-808E-B83BCB24F43B}.Debug|Any CPU.Build.0 = Debug|Any CPU
		{BA3A83F0-C5C0-4D7E-808E-B83BCB24F43B}.Debug|x64.ActiveCfg = Debug|Any CPU
		{BA3A83F0-C5C0-4D7E-808E-B83BCB24F43B}.Debug|x64.Build.0 = Debug|Any CPU
		{BA3A83F0-C5C0-4D7E-808E-B83BCB24F43B}.Debug|x86.ActiveCfg = Debug|Any CPU
		{BA3A83F0-C5C0-4D7E-808E-B83BCB24F43B}.Debug|x86.Build.0 = Debug|Any CPU
		{BA3A83F0-C5C0-4D7E-808E-B83BCB24F43B}.Release|Any CPU.ActiveCfg = Release|Any CPU
		{BA3A83F0-C5C0-4D7E-808E-B83BCB24F43B}.Release|Any CPU.Build.0 = Release|Any CPU
		{BA3A83F0-C5C0-4D7E-808E-B83BCB24F43B}.Release|x64.ActiveCfg = Release|Any CPU
		{BA3A83F0-C5C0-4D7E-808E-B83BCB24F43B}.Release|x64.Build.0 = Release|Any CPU
		{BA3A83F0-C5C0-4D7E-808E-B83BCB24F43B}.Release|x86.ActiveCfg = Release|Any CPU
		{BA3A83F0-C5C0-4D7E-808E-B83BCB24F43B}.Release|x86.Build.0 = Release|Any CPU
	EndGlobalSection
EndGlobal
